
Microsoft Visual Studio Solution File, Format Version 12.00
# Visual Studio 14
VisualStudioVersion = 14.0.25420.1
MinimumVisualStudioVersion = 10.0.40219.1
Project("{FAE04EC0-301F-11D3-BF4B-00C04F79EFBC}") = "DrogSystem", "DrogSystem\DrogSystem.csproj", "{4BACBC5E-24C1-4411-8440-C075251B272F}"
EndProject
Project("{FAE04EC0-301F-11D3-BF4B-00C04F79EFBC}") = "DrogSystem.Tests", "DrogSystem.Tests\DrogSystem.Tests.csproj", "{CAF253B1-D955-4150-ACB0-020B835E2784}"
EndProject
Global
	GlobalSection(SolutionConfigurationPlatforms) = preSolution
		Debug|Any CPU = Debug|Any CPU
		Release|Any CPU = Release|Any CPU
	EndGlobalSection
	GlobalSection(ProjectConfigurationPlatforms) = postSolution
		{4BACBC5E-24C1-4411-8440-C075251B272F}.Debug|Any CPU.ActiveCfg = Debug|Any CPU
		{4BACBC5E-24C1-4411-8440-C075251B272F}.Debug|Any CPU.Build.0 = Debug|Any CPU
		{4BACBC5E-24C1-4411-8440-C075251B272F}.Release|Any CPU.ActiveCfg = Release|Any CPU
		{4BACBC5E-24C1-4411-8440-C075251B272F}.Release|Any CPU.Build.0 = Release|Any CPU
		{CAF253B1-D955-4150-ACB0-020B835E2784}.Debug|Any CPU.ActiveCfg = Debug|Any CPU
		{CAF253B1-D955-4150-ACB0-020B835E2784}.Debug|Any CPU.Build.0 = Debug|Any CPU
		{CAF253B1-D955-4150-ACB0-020B835E2784}.Release|Any CPU.ActiveCfg = Release|Any CPU
		{CAF253B1-D955-4150-ACB0-020B835E2784}.Release|Any CPU.Build.0 = Release|Any CPU
	EndGlobalSection
	GlobalSection(SolutionProperties) = preSolution
		HideSolutionNode = FALSE
	EndGlobalSection
EndGlobal
